
Microsoft Visual Studio Solution File, Format Version 12.00
# Visual Studio 2013
VisualStudioVersion = 12.0.21005.1
MinimumVisualStudioVersion = 10.0.40219.1
Project("{FAE04EC0-301F-11D3-BF4B-00C04F79EFBC}") = "TaskFramework", "TaskFramework\TaskFramework\TaskFramework.csproj", "{7F5E0DF2-58DE-4C3C-9EA6-A119FEC36268}"
EndProject
Project("{FAE04EC0-301F-11D3-BF4B-00C04F79EFBC}") = "TaskManagerNodeService", "TaskManagerNodeService\TaskManagerNodeService.csproj", "{9404A7AC-02B7-4F48-B994-3DEA8327F73A}"
EndProject
Project("{FAE04EC0-301F-11D3-BF4B-00C04F79EFBC}") = "ZF", "..\ZF\ZF\ZF\ZF.csproj", "{72C0B1AE-1FDB-4C9C-86F7-C633B1AAAE32}"
EndProject
Global
	GlobalSection(SolutionConfigurationPlatforms) = preSolution
		Debug|Any CPU = Debug|Any CPU
		Release|Any CPU = Release|Any CPU
	EndGlobalSection
	GlobalSection(ProjectConfigurationPlatforms) = postSolution
		{7F5E0DF2-58DE-4C3C-9EA6-A119FEC36268}.Debug|Any CPU.ActiveCfg = Debug|Any CPU
		{7F5E0DF2-58DE-4C3C-9EA6-A119FEC36268}.Debug|Any CPU.Build.0 = Debug|Any CPU
		{7F5E0DF2-58DE-4C3C-9EA6-A119FEC36268}.Release|Any CPU.ActiveCfg = Release|Any CPU
		{7F5E0DF2-58DE-4C3C-9EA6-A119FEC36268}.Release|Any CPU.Build.0 = Release|Any CPU
		{9404A7AC-02B7-4F48-B994-3DEA8327F73A}.Debug|Any CPU.ActiveCfg = Debug|Any CPU
		{9404A7AC-02B7-4F48-B994-3DEA8327F73A}.Debug|Any CPU.Build.0 = Debug|Any CPU
		{9404A7AC-02B7-4F48-B994-3DEA8327F73A}.Release|Any CPU.ActiveCfg = Release|Any CPU
		{9404A7AC-02B7-4F48-B994-3DEA8327F73A}.Release|Any CPU.Build.0 = Release|Any CPU
		{72C0B1AE-1FDB-4C9C-86F7-C633B1AAAE32}.Debug|Any CPU.ActiveCfg = Debug|Any CPU
		{72C0B1AE-1FDB-4C9C-86F7-C633B1AAAE32}.Debug|Any CPU.Build.0 = Debug|Any CPU
		{72C0B1AE-1FDB-4C9C-86F7-C633B1AAAE32}.Release|Any CPU.ActiveCfg = Release|Any CPU
		{72C0B1AE-1FDB-4C9C-86F7-C633B1AAAE32}.Release|Any CPU.Build.0 = Release|Any CPU
	EndGlobalSection
	GlobalSection(SolutionProperties) = preSolution
		HideSolutionNode = FALSE
	EndGlobalSection
EndGlobal
